
Microsoft Visual Studio Solution File, Format Version 12.00
# Visual Studio 15
VisualStudioVersion = 15.0.28010.2003
MinimumVisualStudioVersion = 10.0.40219.1
Project("{8BC9CEB8-8B4A-11D0-8D11-00A0C91BC942}") = "JPSPP", "JPSPP\JPSPP.vcxproj", "{D54D4A7B-E749-4034-B86B-DF6EBCB886AE}"
EndProject
Global
	GlobalSection(SolutionConfigurationPlatforms) = preSolution
		Debug|x64 = Debug|x64
		Debug|x86 = Debug|x86
		Release|x64 = Release|x64
		Release|x86 = Release|x86
	EndGlobalSection
	GlobalSection(ProjectConfigurationPlatforms) = postSolution
		{D54D4A7B-E749-4034-B86B-DF6EBCB886AE}.Debug|x64.ActiveCfg = Debug|x64
		{D54D4A7B-E749-4034-B86B-DF6EBCB886AE}.Debug|x64.Build.0 = Debug|x64
		{D54D4A7B-E749-4034-B86B-DF6EBCB886AE}.Debug|x86.ActiveCfg = Debug|x64
		{D54D4A7B-E749-4034-B86B-DF6EBCB886AE}.Debug|x86.Build.0 = Debug|x64
		{D54D4A7B-E749-4034-B86B-DF6EBCB886AE}.Release|x64.ActiveCfg = Release|x64
		{D54D4A7B-E749-4034-B86B-DF6EBCB886AE}.Release|x64.Build.0 = Release|x64
		{D54D4A7B-E749-4034-B86B-DF6EBCB886AE}.Release|x86.ActiveCfg = Release|Win32
		{D54D4A7B-E749-4034-B86B-DF6EBCB886AE}.Release|x86.Build.0 = Release|Win32
	EndGlobalSection
	GlobalSection(SolutionProperties) = preSolution
		HideSolutionNode = FALSE
	EndGlobalSection
	GlobalSection(ExtensibilityGlobals) = postSolution
		SolutionGuid = {FDD41854-7C00-40FF-B88E-1CA04B2B5315}
	EndGlobalSection
EndGlobal
